// !$*UTF8*$!
{
	archiveVersion = 1;
	classes = {
	};
	objectVersion = 46;
	objects = {

/* Begin PBXBuildFile section */
		E6C7E42A1E56A1BE0090F406 /* AppDelegate.m in Sources */ = {isa = PBXBuildFile; fileRef = E6C7E41B1E56A1BE0090F406 /* AppDelegate.m */; };
		E6C7E42B1E56A1BE0090F406 /* Assets.xcassets in Resources */ = {isa = PBXBuildFile; fileRef = E6C7E41C1E56A1BE0090F406 /* Assets.xcassets */; };
		E6C7E42C1E56A1BE0090F406 /* LaunchScreen.storyboard in Resources */ = {isa = PBXBuildFile; fileRef = E6C7E41E1E56A1BE0090F406 /* LaunchScreen.storyboard */; };
		E6C7E42D1E56A1BE0090F406 /* Main.storyboard in Resources */ = {isa = PBXBuildFile; fileRef = E6C7E4201E56A1BE0090F406 /* Main.storyboard */; };
		E6C7E42E1E56A1BE0090F406 /* Info.plist in Resources */ = {isa = PBXBuildFile; fileRef = E6C7E4221E56A1BE0090F406 /* Info.plist */; };
		E6C7E42F1E56A1BE0090F406 /* main.m in Sources */ = {isa = PBXBuildFile; fileRef = E6C7E4231E56A1BE0090F406 /* main.m */; };
		E6C7E4301E56A1BE0090F406 /* UIView+Size.m in Sources */ = {isa = PBXBuildFile; fileRef = E6C7E4251E56A1BE0090F406 /* UIView+Size.m */; };
		E6C7E4311E56A1BE0090F406 /* ViewController.m in Sources */ = {isa = PBXBuildFile; fileRef = E6C7E4271E56A1BE0090F406 /* ViewController.m */; };
		E6C7E4321E56A1BE0090F406 /* ZCScrollBannerView.m in Sources */ = {isa = PBXBuildFile; fileRef = E6C7E4291E56A1BE0090F406 /* ZCScrollBannerView.m */; };
/* End PBXBuildFile section */

/* Begin PBXContainerItemProxy section */
		E67E17421E55FEF500198C11 /* PBXContainerItemProxy */ = {
			isa = PBXContainerItemProxy;
			containerPortal = E67E17201E55FEF500198C11 /* Project object */;
			proxyType = 1;
			remoteGlobalIDString = E67E17271E55FEF500198C11;
			remoteInfo = ZCCarouselView;
		};
		E67E174D1E55FEF500198C11 /* PBXContainerItemProxy */ = {
			isa = PBXContainerItemProxy;
			containerPortal = E67E17201E55FEF500198C11 /* Project object */;
			proxyType = 1;
			remoteGlobalIDString = E67E17271E55FEF500198C11;
			remoteInfo = ZCCarouselView;
		};
/* End PBXContainerItemProxy section */

/* Begin PBXFileReference section */
		E67E17281E55FEF500198C11 /* ZCBannerView.app */ = {isa = PBXFileReference; explicitFileType = wrapper.application; includeInIndex = 0; path = ZCBannerView.app; sourceTree = BUILT_PRODUCTS_DIR; };
		E67E17411E55FEF500198C11 /* ZCBannerViewTests.xctest */ = {isa = PBXFileReference; explicitFileType = wrapper.cfbundle; includeInIndex = 0; path = ZCBannerViewTests.xctest; sourceTree = BUILT_PRODUCTS_DIR; };
		E67E174C1E55FEF500198C11 /* ZCBannerViewUITests.xctest */ = {isa = PBXFileReference; explicitFileType = wrapper.cfbundle; includeInIndex = 0; path = ZCBannerViewUITests.xctest; sourceTree = BUILT_PRODUCTS_DIR; };
		E6C7E41A1E56A1BE0090F406 /* AppDelegate.h */ = {isa = PBXFileReference; fileEncoding = 4; lastKnownFileType = sourcecode.c.h; name = AppDelegate.h; path = ZCBannerView/AppDelegate.h; sourceTree = SOURCE_ROOT; };
		E6C7E41B1E56A1BE0090F406 /* AppDelegate.m */ = {isa = PBXFileReference; fileEncoding = 4; lastKnownFileType = sourcecode.c.objc; name = AppDelegate.m; path = ZCBannerView/AppDelegate.m; sourceTree = SOURCE_ROOT; };
		E6C7E41C1E56A1BE0090F406 /* Assets.xcassets */ = {isa = PBXFileReference; lastKnownFileType = folder.assetcatalog; name = Assets.xcassets; path = ZCBannerView/Assets.xcassets; sourceTree = SOURCE_ROOT; };
		E6C7E41F1E56A1BE0090F406 /* Base */ = {isa = PBXFileReference; lastKnownFileType = file.storyboard; name = Base; path = LaunchScreen.storyboard; sourceTree = "<group>"; };
		E6C7E4211E56A1BE0090F406 /* Base */ = {isa = PBXFileReference; lastKnownFileType = file.storyboard; name = Base; path = Main.storyboard; sourceTree = "<group>"; };
		E6C7E4221E56A1BE0090F406 /* Info.plist */ = {isa = PBXFileReference; fileEncoding = 4; lastKnownFileType = text.plist.xml; name = Info.plist; path = ZCBannerView/Info.plist; sourceTree = SOURCE_ROOT; };
		E6C7E4231E56A1BE0090F406 /* main.m */ = {isa = PBXFileReference; fileEncoding = 4; lastKnownFileType = sourcecode.c.objc; name = main.m; path = ZCBannerView/main.m; sourceTree = SOURCE_ROOT; };
		E6C7E4241E56A1BE0090F406 /* UIView+Size.h */ = {isa = PBXFileReference; fileEncoding = 4; lastKnownFileType = sourcecode.c.h; name = "UIView+Size.h"; path = "ZCBannerView/UIView+Size.h"; sourceTree = SOURCE_ROOT; };
		E6C7E4251E56A1BE0090F406 /* UIView+Size.m */ = {isa = PBXFileReference; fileEncoding = 4; lastKnownFileType = sourcecode.c.objc; name = "UIView+Size.m"; path = "ZCBannerView/UIView+Size.m"; sourceTree = SOURCE_ROOT; };
		E6C7E4261E56A1BE0090F406 /* ViewController.h */ = {isa = PBXFileReference; fileEncoding = 4; lastKnownFileType = sourcecode.c.h; name = ViewController.h; path = ZCBannerView/ViewController.h; sourceTree = SOURCE_ROOT; };
		E6C7E4271E56A1BE0090F406 /* ViewController.m */ = {isa = PBXFileReference; fileEncoding = 4; lastKnownFileType = sourcecode.c.objc; name = ViewController.m; path = ZCBannerView/ViewController.m; sourceTree = SOURCE_ROOT; };
		E6C7E4281E56A1BE0090F406 /* ZCScrollBannerView.h */ = {isa = PBXFileReference; fileEncoding = 4; lastKnownFileType = sourcecode.c.h; name = ZCScrollBannerView.h; path = ZCBannerView/ZCScrollBannerView.h; sourceTree = SOURCE_ROOT; };
		E6C7E4291E56A1BE0090F406 /* ZCScrollBannerView.m */ = {isa = PBXFileReference; fileEncoding = 4; lastKnownFileType = sourcecode.c.objc; name = ZCScrollBannerView.m; path = ZCBannerView/ZCScrollBannerView.m; sourceTree = SOURCE_ROOT; };
/* End PBXFileReference section */

/* Begin PBXFrameworksBuildPhase section */
		E67E17251E55FEF500198C11 /* Frameworks */ = {
			isa = PBXFrameworksBuildPhase;
			buildActionMask = 2147483647;
			files = (
			);
			runOnlyForDeploymentPostprocessing = 0;
		};
		E67E173E1E55FEF500198C11 /* Frameworks */ = {
			isa = PBXFrameworksBuildPhase;
			buildActionMask = 2147483647;
			files = (
			);
			runOnlyForDeploymentPostprocessing = 0;
		};
		E67E17491E55FEF500198C11 /* Frameworks */ = {
			isa = PBXFrameworksBuildPhase;
			buildActionMask = 2147483647;
			files = (
			);
			runOnlyForDeploymentPostprocessing = 0;
		};
/* End PBXFrameworksBuildPhase section */

/* Begin PBXGroup section */
		E67E171F1E55FEF500198C11 = {
			isa = PBXGroup;
			children = (
				E67E172A1E55FEF500198C11 /* ZCScrollBannerView */,
				E67E17441E55FEF500198C11 /* ZCBannerViewTests */,
				E67E174F1E55FEF500198C11 /* ZCBannerViewUITests */,
				E67E17291E55FEF500198C11 /* Products */,
			);
			sourceTree = "<group>";
		};
		E67E17291E55FEF500198C11 /* Products */ = {
			isa = PBXGroup;
			children = (
				E67E17281E55FEF500198C11 /* ZCBannerView.app */,
				E67E17411E55FEF500198C11 /* ZCBannerViewTests.xctest */,
				E67E174C1E55FEF500198C11 /* ZCBannerViewUITests.xctest */,
			);
			name = Products;
			sourceTree = "<group>";
		};
		E67E172A1E55FEF500198C11 /* ZCScrollBannerView */ = {
			isa = PBXGroup;
			children = (
				E6C7E41A1E56A1BE0090F406 /* AppDelegate.h */,
				E6C7E41B1E56A1BE0090F406 /* AppDelegate.m */,
				E6C7E41C1E56A1BE0090F406 /* Assets.xcassets */,
				E6C7E41D1E56A1BE0090F406 /* Base.lproj */,
				E6C7E4221E56A1BE0090F406 /* Info.plist */,
				E6C7E4241E56A1BE0090F406 /* UIView+Size.h */,
				E6C7E4251E56A1BE0090F406 /* UIView+Size.m */,
				E6C7E4261E56A1BE0090F406 /* ViewController.h */,
				E6C7E4271E56A1BE0090F406 /* ViewController.m */,
				E6C7E4281E56A1BE0090F406 /* ZCScrollBannerView.h */,
				E6C7E4291E56A1BE0090F406 /* ZCScrollBannerView.m */,
				E67E172B1E55FEF500198C11 /* Supporting Files */,
			);
			name = ZCScrollBannerView;
			path = ZCCarouselView;
			sourceTree = "<group>";
		};
		E67E172B1E55FEF500198C11 /* Supporting Files */ = {
			isa = PBXGroup;
			children = (
				E6C7E4231E56A1BE0090F406 /* main.m */,
			);
			name = "Supporting Files";
			sourceTree = "<group>";
		};
		E67E17441E55FEF500198C11 /* ZCBannerViewTests */ = {
			isa = PBXGroup;
			children = (
			);
			name = ZCBannerViewTests;
			path = ZCCarouselViewTests;
			sourceTree = "<group>";
		};
		E67E174F1E55FEF500198C11 /* ZCBannerViewUITests */ = {
			isa = PBXGroup;
			children = (
			);
			name = ZCBannerViewUITests;
			path = ZCCarouselViewUITests;
			sourceTree = "<group>";
		};
		E6C7E41D1E56A1BE0090F406 /* Base.lproj */ = {
			isa = PBXGroup;
			children = (
				E6C7E41E1E56A1BE0090F406 /* LaunchScreen.storyboard */,
				E6C7E4201E56A1BE0090F406 /* Main.storyboard */,
			);
			name = Base.lproj;
			path = ZCBannerView/Base.lproj;
			sourceTree = SOURCE_ROOT;
		};
/* End PBXGroup section */

/* Begin PBXNativeTarget section */
		E67E17271E55FEF500198C11 /* ZCBannerView */ = {
			isa = PBXNativeTarget;
			buildConfigurationList = E67E17551E55FEF500198C11 /* Build configuration list for PBXNativeTarget "ZCBannerView" */;
			buildPhases = (
				E67E17241E55FEF500198C11 /* Sources */,
				E67E17251E55FEF500198C11 /* Frameworks */,
				E67E17261E55FEF500198C11 /* Resources */,
			);
			buildRules = (
			);
			dependencies = (
			);
			name = ZCBannerView;
			productName = ZCCarouselView;
			productReference = E67E17281E55FEF500198C11 /* ZCBannerView.app */;
			productType = "com.apple.product-type.application";
		};
		E67E17401E55FEF500198C11 /* ZCBannerViewTests */ = {
			isa = PBXNativeTarget;
			buildConfigurationList = E67E17581E55FEF500198C11 /* Build configuration list for PBXNativeTarget "ZCBannerViewTests" */;
			buildPhases = (
				E67E173D1E55FEF500198C11 /* Sources */,
				E67E173E1E55FEF500198C11 /* Frameworks */,
				E67E173F1E55FEF500198C11 /* Resources */,
			);
			buildRules = (
			);
			dependencies = (
				E67E17431E55FEF500198C11 /* PBXTargetDependency */,
			);
			name = ZCBannerViewTests;
			productName = ZCCarouselViewTests;
			productReference = E67E17411E55FEF500198C11 /* ZCBannerViewTests.xctest */;
			productType = "com.apple.product-type.bundle.unit-test";
		};
		E67E174B1E55FEF500198C11 /* ZCBannerViewUITests */ = {
			isa = PBXNativeTarget;
			buildConfigurationList = E67E175B1E55FEF500198C11 /* Build configuration list for PBXNativeTarget "ZCBannerViewUITests" */;
			buildPhases = (
				E67E17481E55FEF500198C11 /* Sources */,
				E67E17491E55FEF500198C11 /* Frameworks */,
				E67E174A1E55FEF500198C11 /* Resources */,
			);
			buildRules = (
			);
			dependencies = (
				E67E174E1E55FEF500198C11 /* PBXTargetDependency */,
			);
			name = ZCBannerViewUITests;
			productName = ZCCarouselViewUITests;
			productReference = E67E174C1E55FEF500198C11 /* ZCBannerViewUITests.xctest */;
			productType = "com.apple.product-type.bundle.ui-testing";
		};
/* End PBXNativeTarget section */

/* Begin PBXProject section */
		E67E17201E55FEF500198C11 /* Project object */ = {
			isa = PBXProject;
			attributes = {
				LastUpgradeCheck = 0810;
				ORGANIZATIONNAME = QITMAC000242;
				TargetAttributes = {
					E67E17271E55FEF500198C11 = {
						CreatedOnToolsVersion = 8.1;
						ProvisioningStyle = Automatic;
					};
					E67E17401E55FEF500198C11 = {
						CreatedOnToolsVersion = 8.1;
						ProvisioningStyle = Automatic;
						TestTargetID = E67E17271E55FEF500198C11;
					};
					E67E174B1E55FEF500198C11 = {
						CreatedOnToolsVersion = 8.1;
						ProvisioningStyle = Automatic;
						TestTargetID = E67E17271E55FEF500198C11;
					};
				};
			};
			buildConfigurationList = E67E17231E55FEF500198C11 /* Build configuration list for PBXProject "ZCBannerView" */;
			compatibilityVersion = "Xcode 3.2";
			developmentRegion = English;
			hasScannedForEncodings = 0;
			knownRegions = (
				en,
				Base,
			);
			mainGroup = E67E171F1E55FEF500198C11;
			productRefGroup = E67E17291E55FEF500198C11 /* Products */;
			projectDirPath = "";
			projectRoot = "";
			targets = (
				E67E17271E55FEF500198C11 /* ZCBannerView */,
				E67E17401E55FEF500198C11 /* ZCBannerViewTests */,
				E67E174B1E55FEF500198C11 /* ZCBannerViewUITests */,
			);
		};
/* End PBXProject section */

/* Begin PBXResourcesBuildPhase section */
		E67E17261E55FEF500198C11 /* Resources */ = {
			isa = PBXResourcesBuildPhase;
			buildActionMask = 2147483647;
			files = (
				E6C7E42B1E56A1BE0090F406 /* Assets.xcassets in Resources */,
				E6C7E42D1E56A1BE0090F406 /* Main.storyboard in Resources */,
				E6C7E42C1E56A1BE0090F406 /* LaunchScreen.storyboard in Resources */,
				E6C7E42E1E56A1BE0090F406 /* Info.plist in Resources */,
			);
			runOnlyForDeploymentPostprocessing = 0;
		};
		E67E173F1E55FEF500198C11 /* Resources */ = {
			isa = PBXResourcesBuildPhase;
			buildActionMask = 2147483647;
			files = (
			);
			runOnlyForDeploymentPostprocessing = 0;
		};
		E67E174A1E55FEF500198C11 /* Resources */ = {
			isa = PBXResourcesBuildPhase;
			buildActionMask = 2147483647;
			files = (
			);
			runOnlyForDeploymentPostprocessing = 0;
		};
/* End PBXResourcesBuildPhase section */

/* Begin PBXSourcesBuildPhase section */
		E67E17241E55FEF500198C11 /* Sources */ = {
			isa = PBXSourcesBuildPhase;
			buildActionMask = 2147483647;
			files = (
				E6C7E4311E56A1BE0090F406 /* ViewController.m in Sources */,
				E6C7E42A1E56A1BE0090F406 /* AppDelegate.m in Sources */,
				E6C7E4321E56A1BE0090F406 /* ZCScrollBannerView.m in Sources */,
				E6C7E42F1E56A1BE0090F406 /* main.m in Sources */,
				E6C7E4301E56A1BE0090F406 /* UIView+Size.m in Sources */,
			);
			runOnlyForDeploymentPostprocessing = 0;
		};
		E67E173D1E55FEF500198C11 /* Sources */ = {
			isa = PBXSourcesBuildPhase;
			buildActionMask = 2147483647;
			files = (
			);
			runOnlyForDeploymentPostprocessing = 0;
		};
		E67E17481E55FEF500198C11 /* Sources */ = {
			isa = PBXSourcesBuildPhase;
			buildActionMask = 2147483647;
			files = (
			);
			runOnlyForDeploymentPostprocessing = 0;
		};
/* End PBXSourcesBuildPhase section */

/* Begin PBXTargetDependency section */
		E67E17431E55FEF500198C11 /* PBXTargetDependency */ = {
			isa = PBXTargetDependency;
			target = E67E17271E55FEF500198C11 /* ZCBannerView */;
			targetProxy = E67E17421E55FEF500198C11 /* PBXContainerItemProxy */;
		};
		E67E174E1E55FEF500198C11 /* PBXTargetDependency */ = {
			isa = PBXTargetDependency;
			target = E67E17271E55FEF500198C11 /* ZCBannerView */;
			targetProxy = E67E174D1E55FEF500198C11 /* PBXContainerItemProxy */;
		};
/* End PBXTargetDependency section */

/* Begin PBXVariantGroup section */
		E6C7E41E1E56A1BE0090F406 /* LaunchScreen.storyboard */ = {
			isa = PBXVariantGroup;
			children = (
				E6C7E41F1E56A1BE0090F406 /* Base */,
			);
			name = LaunchScreen.storyboard;
			sourceTree = "<group>";
		};
		E6C7E4201E56A1BE0090F406 /* Main.storyboard */ = {
			isa = PBXVariantGroup;
			children = (
				E6C7E4211E56A1BE0090F406 /* Base */,
			);
			name = Main.storyboard;
			sourceTree = "<group>";
		};
/* End PBXVariantGroup section */

/* Begin XCBuildConfiguration section */
		E67E17531E55FEF500198C11 /* Debug */ = {
			isa = XCBuildConfiguration;
			buildSettings = {
				ALWAYS_SEARCH_USER_PATHS = NO;
				CLANG_ANALYZER_NONNULL = YES;
				CLANG_CXX_LANGUAGE_STANDARD = "gnu++0x";
				CLANG_CXX_LIBRARY = "libc++";
				CLANG_ENABLE_MODULES = YES;
				CLANG_ENABLE_OBJC_ARC = YES;
				CLANG_WARN_BOOL_CONVERSION = YES;
				CLANG_WARN_CONSTANT_CONVERSION = YES;
				CLANG_WARN_DIRECT_OBJC_ISA_USAGE = YES_ERROR;
				CLANG_WARN_DOCUMENTATION_COMMENTS = YES;
				CLANG_WARN_EMPTY_BODY = YES;
				CLANG_WARN_ENUM_CONVERSION = YES;
				CLANG_WARN_INFINITE_RECURSION = YES;
				CLANG_WARN_INT_CONVERSION = YES;
				CLANG_WARN_OBJC_ROOT_CLASS = YES_ERROR;
				CLANG_WARN_SUSPICIOUS_MOVES = YES;
				CLANG_WARN_UNREACHABLE_CODE = YES;
				CLANG_WARN__DUPLICATE_METHOD_MATCH = YES;
				"CODE_SIGN_IDENTITY[sdk=iphoneos*]" = "iPhone Developer";
				COPY_PHASE_STRIP = NO;
				DEBUG_INFORMATION_FORMAT = dwarf;
				ENABLE_STRICT_OBJC_MSGSEND = YES;
				ENABLE_TESTABILITY = YES;
				GCC_C_LANGUAGE_STANDARD = gnu99;
				GCC_DYNAMIC_NO_PIC = NO;
				GCC_NO_COMMON_BLOCKS = YES;
				GCC_OPTIMIZATION_LEVEL = 0;
				GCC_PREPROCESSOR_DEFINITIONS = (
					"DEBUG=1",
					"$(inherited)",
				);
				GCC_WARN_64_TO_32_BIT_CONVERSION = YES;
				GCC_WARN_ABOUT_RETURN_TYPE = YES_ERROR;
				GCC_WARN_UNDECLARED_SELECTOR = YES;
				GCC_WARN_UNINITIALIZED_AUTOS = YES_AGGRESSIVE;
				GCC_WARN_UNUSED_FUNCTION = YES;
				GCC_WARN_UNUSED_VARIABLE = YES;
				IPHONEOS_DEPLOYMENT_TARGET = 10.1;
				MTL_ENABLE_DEBUG_INFO = YES;
				ONLY_ACTIVE_ARCH = YES;
				SDKROOT = iphoneos;
			};
			name = Debug;
		};
		E67E17541E55FEF500198C11 /* Release */ = {
			isa = XCBuildConfiguration;
			buildSettings = {
				ALWAYS_SEARCH_USER_PATHS = NO;
				CLANG_ANALYZER_NONNULL = YES;
				CLANG_CXX_LANGUAGE_STANDARD = "gnu++0x";
				CLANG_CXX_LIBRARY = "libc++";
				CLANG_ENABLE_MODULES = YES;
				CLANG_ENABLE_OBJC_ARC = YES;
				CLANG_WARN_BOOL_CONVERSION = YES;
				CLANG_WARN_CONSTANT_CONVERSION = YES;
				CLANG_WARN_DIRECT_OBJC_ISA_USAGE = YES_ERROR;
				CLANG_WARN_DOCUMENTATION_COMMENTS = YES;
				CLANG_WARN_EMPTY_BODY = YES;
				CLANG_WARN_ENUM_CONVERSION = YES;
				CLANG_WARN_INFINITE_RECURSION = YES;
				CLANG_WARN_INT_CONVERSION = YES;
				CLANG_WARN_OBJC_ROOT_CLASS = YES_ERROR;
				CLANG_WARN_SUSPICIOUS_MOVES = YES;
				CLANG_WARN_UNREACHABLE_CODE = YES;
				CLANG_WARN__DUPLICATE_METHOD_MATCH = YES;
				"CODE_SIGN_IDENTITY[sdk=iphoneos*]" = "iPhone Developer";
				COPY_PHASE_STRIP = NO;
				DEBUG_INFORMATION_FORMAT = "dwarf-with-dsym";
				ENABLE_NS_ASSERTIONS = NO;
				ENABLE_STRICT_OBJC_MSGSEND = YES;
				GCC_C_LANGUAGE_STANDARD = gnu99;
				GCC_NO_COMMON_BLOCKS = YES;
				GCC_WARN_64_TO_32_BIT_CONVERSION = YES;
				GCC_WARN_ABOUT_RETURN_TYPE = YES_ERROR;
				GCC_WARN_UNDECLARED_SELECTOR = YES;
				GCC_WARN_UNINITIALIZED_AUTOS = YES_AGGRESSIVE;
				GCC_WARN_UNUSED_FUNCTION = YES;
				GCC_WARN_UNUSED_VARIABLE = YES;
				IPHONEOS_DEPLOYMENT_TARGET = 10.1;
				MTL_ENABLE_DEBUG_INFO = NO;
				SDKROOT = iphoneos;
				VALIDATE_PRODUCT = YES;
			};
			name = Release;
		};
		E67E17561E55FEF500198C11 /* Debug */ = {
			isa = XCBuildConfiguration;
			buildSettings = {
				ASSETCATALOG_COMPILER_APPICON_NAME = AppIcon;
				INFOPLIST_FILE = ZCCarouselView/Info.plist;
				LD_RUNPATH_SEARCH_PATHS = "$(inherited) @executable_path/Frameworks";
				PRODUCT_BUNDLE_IDENTIFIER = com.qunar.ZCCarouselView;
				PRODUCT_NAME = "$(TARGET_NAME)";
			};
			name = Debug;
		};
		E67E17571E55FEF500198C11 /* Release */ = {
			isa = XCBuildConfiguration;
			buildSettings = {
				ASSETCATALOG_COMPILER_APPICON_NAME = AppIcon;
				INFOPLIST_FILE = ZCCarouselView/Info.plist;
				LD_RUNPATH_SEARCH_PATHS = "$(inherited) @executable_path/Frameworks";
				PRODUCT_BUNDLE_IDENTIFIER = com.qunar.ZCCarouselView;
				PRODUCT_NAME = "$(TARGET_NAME)";
			};
			name = Release;
		};
		E67E17591E55FEF500198C11 /* Debug */ = {
			isa = XCBuildConfiguration;
			buildSettings = {
				BUNDLE_LOADER = "$(TEST_HOST)";
				INFOPLIST_FILE = ZCCarouselViewTests/Info.plist;
				LD_RUNPATH_SEARCH_PATHS = "$(inherited) @executable_path/Frameworks @loader_path/Frameworks";
				PRODUCT_BUNDLE_IDENTIFIER = com.qunar.ZCCarouselViewTests;
				PRODUCT_NAME = "$(TARGET_NAME)";
				TEST_HOST = "$(BUILT_PRODUCTS_DIR)/ZCBannerView.app/ZCBannerView";
			};
			name = Debug;
		};
		E67E175A1E55FEF500198C11 /* Release */ = {
			isa = XCBuildConfiguration;
			buildSettings = {
				BUNDLE_LOADER = "$(TEST_HOST)";
				INFOPLIST_FILE = ZCCarouselViewTests/Info.plist;
				LD_RUNPATH_SEARCH_PATHS = "$(inherited) @executable_path/Frameworks @loader_path/Frameworks";
				PRODUCT_BUNDLE_IDENTIFIER = com.qunar.ZCCarouselViewTests;
				PRODUCT_NAME = "$(TARGET_NAME)";
				TEST_HOST = "$(BUILT_PRODUCTS_DIR)/ZCBannerView.app/ZCBannerView";
			};
			name = Release;
		};
		E67E175C1E55FEF500198C11 /* Debug */ = {
			isa = XCBuildConfiguration;
			buildSettings = {
				INFOPLIST_FILE = ZCCarouselViewUITests/Info.plist;
				LD_RUNPATH_SEARCH_PATHS = "$(inherited) @executable_path/Frameworks @loader_path/Frameworks";
				PRODUCT_BUNDLE_IDENTIFIER = com.qunar.ZCCarouselViewUITests;
				PRODUCT_NAME = "$(TARGET_NAME)";
				TEST_TARGET_NAME = ZCCarouselView;
			};
			name = Debug;
		};
		E67E175D1E55FEF500198C11 /* Release */ = {
			isa = XCBuildConfiguration;
			buildSettings = {
				INFOPLIST_FILE = ZCCarouselViewUITests/Info.plist;
				LD_RUNPATH_SEARCH_PATHS = "$(inherited) @executable_path/Frameworks @loader_path/Frameworks";
				PRODUCT_BUNDLE_IDENTIFIER = com.qunar.ZCCarouselViewUITests;
				PRODUCT_NAME = "$(TARGET_NAME)";
				TEST_TARGET_NAME = ZCCarouselView;
			};
			name = Release;
		};
/* End XCBuildConfiguration section */

/* Begin XCConfigurationList section */
		E67E17231E55FEF500198C11 /* Build configuration list for PBXProject "ZCBannerView" */ = {
			isa = XCConfigurationList;
			buildConfigurations = (
				E67E17531E55FEF500198C11 /* Debug */,
				E67E17541E55FEF500198C11 /* Release */,
			);
			defaultConfigurationIsVisible = 0;
			defaultConfigurationName = Release;
		};
		E67E17551E55FEF500198C11 /* Build configuration list for PBXNativeTarget "ZCBannerView" */ = {
			isa = XCConfigurationList;
			buildConfigurations = (
				E67E17561E55FEF500198C11 /* Debug */,
				E67E17571E55FEF500198C11 /* Release */,
			);
			defaultConfigurationIsVisible = 0;
			defaultConfigurationName = Release;
		};
		E67E17581E55FEF500198C11 /* Build configuration list for PBXNativeTarget "ZCBannerViewTests" */ = {
			isa = XCConfigurationList;
			buildConfigurations = (
				E67E17591E55FEF500198C11 /* Debug */,
				E67E175A1E55FEF500198C11 /* Release */,
			);
			defaultConfigurationIsVisible = 0;
			defaultConfigurationName = Release;
		};
		E67E175B1E55FEF500198C11 /* Build configuration list for PBXNativeTarget "ZCBannerViewUITests" */ = {
			isa = XCConfigurationList;
			buildConfigurations = (
				E67E175C1E55FEF500198C11 /* Debug */,
				E67E175D1E55FEF500198C11 /* Release */,
			);
			defaultConfigurationIsVisible = 0;
			defaultConfigurationName = Release;
		};
/* End XCConfigurationList section */
	};
	rootObject = E67E17201E55FEF500198C11 /* Project object */;
}
